
Microsoft Visual Studio Solution File, Format Version 12.00
# Visual Studio Version 17
VisualStudioVersion = 17.11.35208.52
MinimumVisualStudioVersion = 10.0.40219.1
Project("{FAE04EC0-301F-11D3-BF4B-00C04F79EFBC}") = "ProyectoFinalLab", "ProyectoFinalLab.csproj", "{922D6E0E-F54A-4CD8-A1AC-8CC7CE4F76E8}"
EndProject
Global
	GlobalSection(SolutionConfigurationPlatforms) = preSolution
		Debug|Any CPU = Debug|Any CPU
		Release|Any CPU = Release|Any CPU
	EndGlobalSection
	GlobalSection(ProjectConfigurationPlatforms) = postSolution
		{922D6E0E-F54A-4CD8-A1AC-8CC7CE4F76E8}.Debug|Any CPU.ActiveCfg = Debug|Any CPU
		{922D6E0E-F54A-4CD8-A1AC-8CC7CE4F76E8}.Debug|Any CPU.Build.0 = Debug|Any CPU
		{922D6E0E-F54A-4CD8-A1AC-8CC7CE4F76E8}.Release|Any CPU.ActiveCfg = Release|Any CPU
		{922D6E0E-F54A-4CD8-A1AC-8CC7CE4F76E8}.Release|Any CPU.Build.0 = Release|Any CPU
	EndGlobalSection
	GlobalSection(SolutionProperties) = preSolution
		HideSolutionNode = FALSE
	EndGlobalSection
	GlobalSection(ExtensibilityGlobals) = postSolution
		SolutionGuid = {F7345402-F588-4F4A-B407-3C5C0AA8B663}
	EndGlobalSection
EndGlobal
